
Microsoft Visual Studio Solution File, Format Version 12.00
# Visual Studio 15
VisualStudioVersion = 15.0.28010.2016
MinimumVisualStudioVersion = 10.0.40219.1
Project("{FAE04EC0-301F-11D3-BF4B-00C04F79EFBC}") = "com.khanh.calculator.console", "com.khanh.calculator.console\com.khanh.calculator.console.csproj", "{EAE95152-1BA2-47E5-A28D-A4A784C1903D}"
EndProject
Project("{FAE04EC0-301F-11D3-BF4B-00C04F79EFBC}") = "com.khanh.calculator.operation", "com.khanh.calculator.operation\com.khanh.calculator.operation.csproj", "{C8ADF284-42DE-44BF-8F87-3762A65812CB}"
EndProject
Global
	GlobalSection(SolutionConfigurationPlatforms) = preSolution
		Debug|Any CPU = Debug|Any CPU
		Release|Any CPU = Release|Any CPU
	EndGlobalSection
	GlobalSection(ProjectConfigurationPlatforms) = postSolution
		{EAE95152-1BA2-47E5-A28D-A4A784C1903D}.Debug|Any CPU.ActiveCfg = Debug|Any CPU
		{EAE95152-1BA2-47E5-A28D-A4A784C1903D}.Debug|Any CPU.Build.0 = Debug|Any CPU
		{EAE95152-1BA2-47E5-A28D-A4A784C1903D}.Release|Any CPU.ActiveCfg = Release|Any CPU
		{EAE95152-1BA2-47E5-A28D-A4A784C1903D}.Release|Any CPU.Build.0 = Release|Any CPU
		{C8ADF284-42DE-44BF-8F87-3762A65812CB}.Debug|Any CPU.ActiveCfg = Debug|Any CPU
		{C8ADF284-42DE-44BF-8F87-3762A65812CB}.Debug|Any CPU.Build.0 = Debug|Any CPU
		{C8ADF284-42DE-44BF-8F87-3762A65812CB}.Release|Any CPU.ActiveCfg = Release|Any CPU
		{C8ADF284-42DE-44BF-8F87-3762A65812CB}.Release|Any CPU.Build.0 = Release|Any CPU
	EndGlobalSection
	GlobalSection(SolutionProperties) = preSolution
		HideSolutionNode = FALSE
	EndGlobalSection
	GlobalSection(ExtensibilityGlobals) = postSolution
		SolutionGuid = {22B920DA-C0AE-4402-9B49-685C2D58CF31}
	EndGlobalSection
EndGlobal
